
Microsoft Visual Studio Solution File, Format Version 12.00
# Visual Studio Version 17
VisualStudioVersion = 17.3.32811.315
MinimumVisualStudioVersion = 10.0.40219.1
Project("{FAE04EC0-301F-11D3-BF4B-00C04F79EFBC}") = "BibliotecaDeClases", "PrimerParcial\BibliotecaDeClases.csproj", "{F071A96E-CAED-4E71-8BA5-E356BACFEF58}"
EndProject
Project("{FAE04EC0-301F-11D3-BF4B-00C04F79EFBC}") = "Vista", "Vista\Vista.csproj", "{EB2B8D25-D8BB-40E3-B9EC-0C6441A2C816}"
EndProject
Global
	GlobalSection(SolutionConfigurationPlatforms) = preSolution
		Debug|Any CPU = Debug|Any CPU
		Release|Any CPU = Release|Any CPU
	EndGlobalSection
	GlobalSection(ProjectConfigurationPlatforms) = postSolution
		{F071A96E-CAED-4E71-8BA5-E356BACFEF58}.Debug|Any CPU.ActiveCfg = Debug|Any CPU
		{F071A96E-CAED-4E71-8BA5-E356BACFEF58}.Debug|Any CPU.Build.0 = Debug|Any CPU
		{F071A96E-CAED-4E71-8BA5-E356BACFEF58}.Release|Any CPU.ActiveCfg = Release|Any CPU
		{F071A96E-CAED-4E71-8BA5-E356BACFEF58}.Release|Any CPU.Build.0 = Release|Any CPU
		{EB2B8D25-D8BB-40E3-B9EC-0C6441A2C816}.Debug|Any CPU.ActiveCfg = Debug|Any CPU
		{EB2B8D25-D8BB-40E3-B9EC-0C6441A2C816}.Debug|Any CPU.Build.0 = Debug|Any CPU
		{EB2B8D25-D8BB-40E3-B9EC-0C6441A2C816}.Release|Any CPU.ActiveCfg = Release|Any CPU
		{EB2B8D25-D8BB-40E3-B9EC-0C6441A2C816}.Release|Any CPU.Build.0 = Release|Any CPU
	EndGlobalSection
	GlobalSection(SolutionProperties) = preSolution
		HideSolutionNode = FALSE
	EndGlobalSection
	GlobalSection(ExtensibilityGlobals) = postSolution
		SolutionGuid = {A7DB1C93-9B63-4B7A-938A-4ADBFB9FF3CF}
	EndGlobalSection
EndGlobal
